
Microsoft Visual Studio Solution File, Format Version 12.00
# Visual Studio Version 16
VisualStudioVersion = 16.0.30002.166
MinimumVisualStudioVersion = 10.0.40219.1
Project("{FAE04EC0-301F-11D3-BF4B-00C04F79EFBC}") = "Ex04.Menus. Interfaces", "Ex04.Menus. Interfaces\Ex04.Menus. Interfaces.csproj", "{21B30A55-39FD-43CC-98EC-A33055C5A09F}"
EndProject
Project("{FAE04EC0-301F-11D3-BF4B-00C04F79EFBC}") = "Ex04.Menus.Delegates", "Ex04.Menus.Delegates\Ex04.Menus.Delegates.csproj", "{1E754ECE-712C-432E-AC7F-C6EF17DDD201}"
EndProject
Project("{FAE04EC0-301F-11D3-BF4B-00C04F79EFBC}") = "Ex04.Menus.Test", "Ex04.Menus.Test\Ex04.Menus.Test.csproj", "{58435965-0D29-4A29-BE6C-87D7473B73F7}"
EndProject
Global
	GlobalSection(SolutionConfigurationPlatforms) = preSolution
		Debug|Any CPU = Debug|Any CPU
		Release|Any CPU = Release|Any CPU
	EndGlobalSection
	GlobalSection(ProjectConfigurationPlatforms) = postSolution
		{21B30A55-39FD-43CC-98EC-A33055C5A09F}.Debug|Any CPU.ActiveCfg = Debug|Any CPU
		{21B30A55-39FD-43CC-98EC-A33055C5A09F}.Debug|Any CPU.Build.0 = Debug|Any CPU
		{21B30A55-39FD-43CC-98EC-A33055C5A09F}.Release|Any CPU.ActiveCfg = Release|Any CPU
		{21B30A55-39FD-43CC-98EC-A33055C5A09F}.Release|Any CPU.Build.0 = Release|Any CPU
		{1E754ECE-712C-432E-AC7F-C6EF17DDD201}.Debug|Any CPU.ActiveCfg = Debug|Any CPU
		{1E754ECE-712C-432E-AC7F-C6EF17DDD201}.Debug|Any CPU.Build.0 = Debug|Any CPU
		{1E754ECE-712C-432E-AC7F-C6EF17DDD201}.Release|Any CPU.ActiveCfg = Release|Any CPU
		{1E754ECE-712C-432E-AC7F-C6EF17DDD201}.Release|Any CPU.Build.0 = Release|Any CPU
		{58435965-0D29-4A29-BE6C-87D7473B73F7}.Debug|Any CPU.ActiveCfg = Debug|Any CPU
		{58435965-0D29-4A29-BE6C-87D7473B73F7}.Debug|Any CPU.Build.0 = Debug|Any CPU
		{58435965-0D29-4A29-BE6C-87D7473B73F7}.Release|Any CPU.ActiveCfg = Release|Any CPU
		{58435965-0D29-4A29-BE6C-87D7473B73F7}.Release|Any CPU.Build.0 = Release|Any CPU
	EndGlobalSection
	GlobalSection(SolutionProperties) = preSolution
		HideSolutionNode = FALSE
	EndGlobalSection
	GlobalSection(ExtensibilityGlobals) = postSolution
		SolutionGuid = {66C6C5FF-2458-48FC-8A6C-9383F4E84803}
	EndGlobalSection
EndGlobal
